<Solution>
  <Folder Name="/src/" />
  <Folder Name="/src/aspire/">
    <Project Path="src/aspire/CodeReview.AppHost/CodeReview.AppHost.csproj" />
    <Project Path="src/aspire/CodeReview.ServiceDefaults/CodeReview.ServiceDefaults.csproj" />
  </Folder>
  <Folder Name="/src/Gateways/" />
  <Folder Name="/src/Gateways/CodeReview.UsersBFF/">
    <Project Path="src/Gateways/CodeReview.UsersBFF/CodeReview.UsersBFF.Api/CodeReview.UsersBFF.Api.csproj" />
  </Folder>
</Solution>
